
Microsoft Visual Studio Solution File, Format Version 12.00
# Visual Studio Version 17
VisualStudioVersion = 17.11.35303.130
MinimumVisualStudioVersion = 10.0.40219.1
Project("{9A19103F-16F7-4668-BE54-9A1E7A4F7556}") = "Tyuiu.SeledkovNP.Sprint0.Task3.V0.Lib", "Tyuiu.SeledkovNP.Sprint0.Task3.V0.Lib\Tyuiu.SeledkovNP.Sprint0.Task3.V0.Lib.csproj", "{218FB9C0-4329-4D6B-B6F0-78D894317110}"
EndProject
Project("{2150E333-8FDC-42A3-9474-1A3956D46DE8}") = "Task3", "Task3", "{BC708217-A7F5-46B0-96A1-4E0DA8E1FE9C}"
EndProject
Project("{9A19103F-16F7-4668-BE54-9A1E7A4F7556}") = "Tyuiu.SeledkovNP.Sprint0.Task3.V0", "Tyuiu.SeledkovNP.Sprint0.Task3.V0\Tyuiu.SeledkovNP.Sprint0.Task3.V0.csproj", "{6EB25410-F6BC-40C4-A7EC-3BE84244327D}"
EndProject
Project("{9A19103F-16F7-4668-BE54-9A1E7A4F7556}") = "Tyuiu.SeledkovNP.Sprint0.Task3.V0.Test", "Tyuiu.SeledkovNP.Sprint0.Task3.V0.Test\Tyuiu.SeledkovNP.Sprint0.Task3.V0.Test.csproj", "{485BA3C2-3B2E-4C5F-B985-EE8AE7C18261}"
EndProject
Project("{2150E333-8FDC-42A3-9474-1A3956D46DE8}") = "Task4", "Task4", "{8B74A6FA-A6D2-4DFE-BF49-A34FC39C0120}"
EndProject
Project("{9A19103F-16F7-4668-BE54-9A1E7A4F7556}") = "Tyuiu.SeledkovNP.Sprint0.Task4.V0", "Tyuiu.SeledkovNP.Sprint0.Task4.V0\Tyuiu.SeledkovNP.Sprint0.Task4.V0.csproj", "{6C41AE5C-AC0D-4B50-B799-8629C2B03CC4}"
EndProject
Project("{9A19103F-16F7-4668-BE54-9A1E7A4F7556}") = "Tyuiu.SeledkovNP.Sprint0.Task4.V0.Test", "Tyuiu.SeledkovNP.Sprint0.Task4.V0.Test\Tyuiu.SeledkovNP.Sprint0.Task4.V0.Test.csproj", "{7EB6D5A8-0903-4DA5-9257-B1A266F7A7BB}"
EndProject
Project("{9A19103F-16F7-4668-BE54-9A1E7A4F7556}") = "Tyuiu.SeledkovNP.Sprint0.Task4.V0.Lib", "Tyuiu.SeledkovNP.Sprint0.Task4.V0.Lib\Tyuiu.SeledkovNP.Sprint0.Task4.V0.Lib.csproj", "{BF6F8773-A15B-4F18-968B-8FD4E09D6BFE}"
EndProject
Project("{2150E333-8FDC-42A3-9474-1A3956D46DE8}") = "Task5", "Task5", "{EB91DD1F-F91C-4FB6-8FBD-6E18EBCA6EEF}"
EndProject
Project("{FAE04EC0-301F-11D3-BF4B-00C04F79EFBC}") = "Tyuiu.SeledkovNP.Sprint0.Task5.V0", "Tyuiu.SeledkovNP.Sprint0.Task5.V0\Tyuiu.SeledkovNP.Sprint0.Task5.V0.csproj", "{62907550-2CD2-4F87-8339-589F4EF40289}"
EndProject
Project("{FAE04EC0-301F-11D3-BF4B-00C04F79EFBC}") = "Tyuiu.SeledkovNP.Sprint0.Task5.V0.Lib", "Tyuiu.SeledkovNP.Sprint0.Task5.V0.Lib\Tyuiu.SeledkovNP.Sprint0.Task5.V0.Lib.csproj", "{67EC546B-AC99-498D-958D-ECF0B3AD44E3}"
EndProject
Project("{FAE04EC0-301F-11D3-BF4B-00C04F79EFBC}") = "Tyuiu.SeledkovNP.Sprint0.Task5.V0.Test", "Tyuiu.SeledkovNP.Sprint0.Task5.V0.Test\Tyuiu.SeledkovNP.Sprint0.Task5.V0.Test.csproj", "{83CCFD75-86F4-40C8-A33D-BBFAA2F3AEA0}"
EndProject
Project("{2150E333-8FDC-42A3-9474-1A3956D46DE8}") = "Task6", "Task6", "{8FB14910-783B-4E82-A5B0-62B774CC4592}"
EndProject
Project("{FAE04EC0-301F-11D3-BF4B-00C04F79EFBC}") = "Tyuiu.SeledkovNP.Sprint0.Task6.V0", "Tyuiu.SeledkovNP.Sprint0.Task6.V0\Tyuiu.SeledkovNP.Sprint0.Task6.V0.csproj", "{688575D5-81AA-41D1-91F4-57453C5D8A2D}"
EndProject
Project("{FAE04EC0-301F-11D3-BF4B-00C04F79EFBC}") = "Tyuiu.SeledkovNP.Sprint0.Task6.V0.Test", "Tyuiu.SeledkovNP.Sprint0.Task6.V0.Test\Tyuiu.SeledkovNP.Sprint0.Task6.V0.Test.csproj", "{77B8E479-C956-4E7A-B545-03C735A7FCD0}"
EndProject
Project("{FAE04EC0-301F-11D3-BF4B-00C04F79EFBC}") = "Tyuiu.SeledkovNP.Sprint0.Task6.V0.Lib", "Tyuiu.SeledkovNP.Sprint0.Task6.V0.Lib\Tyuiu.SeledkovNP.Sprint0.Task6.V0.Lib.csproj", "{8658798B-4C5E-48B3-AC61-AC346390FFCF}"
EndProject
Project("{2150E333-8FDC-42A3-9474-1A3956D46DE8}") = "Task7", "Task7", "{22CAE113-681B-4A15-8AC1-47FFE592C51D}"
EndProject
Project("{FAE04EC0-301F-11D3-BF4B-00C04F79EFBC}") = "Tyuiu.SeledkovNP.Sprint0.Task7.V0", "Tyuiu.SeledkovNP.Sprint0.Task7.V0\Tyuiu.SeledkovNP.Sprint0.Task7.V0.csproj", "{D0E8A43C-B83F-4FA8-B00D-E6F0E15B730B}"
EndProject
Project("{FAE04EC0-301F-11D3-BF4B-00C04F79EFBC}") = "Tyuiu.SeledkovNP.Sprint0.Task7.V0.Lib", "Tyuiu.SeledkovNP.Sprint0.Task7.V0.Lib\Tyuiu.SeledkovNP.Sprint0.Task7.V0.Lib.csproj", "{FC713DC7-7F0B-411C-87E4-E086D58BF0AF}"
EndProject
Project("{FAE04EC0-301F-11D3-BF4B-00C04F79EFBC}") = "Tyuiu.SeledkovNP.Sprint0.Task7.V0.Test", "Tyuiu.SeledkovNP.Sprint0.Task7.V0.Test\Tyuiu.SeledkovNP.Sprint0.Task7.V0.Test.csproj", "{456915A5-1F02-478F-A17C-B9A646522422}"
EndProject
Global
	GlobalSection(SolutionConfigurationPlatforms) = preSolution
		Debug|Any CPU = Debug|Any CPU
		Release|Any CPU = Release|Any CPU
	EndGlobalSection
	GlobalSection(ProjectConfigurationPlatforms) = postSolution
		{218FB9C0-4329-4D6B-B6F0-78D894317110}.Debug|Any CPU.ActiveCfg = Debug|Any CPU
		{218FB9C0-4329-4D6B-B6F0-78D894317110}.Debug|Any CPU.Build.0 = Debug|Any CPU
		{218FB9C0-4329-4D6B-B6F0-78D894317110}.Release|Any CPU.ActiveCfg = Release|Any CPU
		{218FB9C0-4329-4D6B-B6F0-78D894317110}.Release|Any CPU.Build.0 = Release|Any CPU
		{6EB25410-F6BC-40C4-A7EC-3BE84244327D}.Debug|Any CPU.ActiveCfg = Debug|Any CPU
		{6EB25410-F6BC-40C4-A7EC-3BE84244327D}.Debug|Any CPU.Build.0 = Debug|Any CPU
		{6EB25410-F6BC-40C4-A7EC-3BE84244327D}.Release|Any CPU.ActiveCfg = Release|Any CPU
		{6EB25410-F6BC-40C4-A7EC-3BE84244327D}.Release|Any CPU.Build.0 = Release|Any CPU
		{485BA3C2-3B2E-4C5F-B985-EE8AE7C18261}.Debug|Any CPU.ActiveCfg = Debug|Any CPU
		{485BA3C2-3B2E-4C5F-B985-EE8AE7C18261}.Debug|Any CPU.Build.0 = Debug|Any CPU
		{485BA3C2-3B2E-4C5F-B985-EE8AE7C18261}.Release|Any CPU.ActiveCfg = Release|Any CPU
		{485BA3C2-3B2E-4C5F-B985-EE8AE7C18261}.Release|Any CPU.Build.0 = Release|Any CPU
		{6C41AE5C-AC0D-4B50-B799-8629C2B03CC4}.Debug|Any CPU.ActiveCfg = Debug|Any CPU
		{6C41AE5C-AC0D-4B50-B799-8629C2B03CC4}.Debug|Any CPU.Build.0 = Debug|Any CPU
		{6C41AE5C-AC0D-4B50-B799-8629C2B03CC4}.Release|Any CPU.ActiveCfg = Release|Any CPU
		{6C41AE5C-AC0D-4B50-B799-8629C2B03CC4}.Release|Any CPU.Build.0 = Release|Any CPU
		{7EB6D5A8-0903-4DA5-9257-B1A266F7A7BB}.Debug|Any CPU.ActiveCfg = Debug|Any CPU
		{7EB6D5A8-0903-4DA5-9257-B1A266F7A7BB}.Debug|Any CPU.Build.0 = Debug|Any CPU
		{7EB6D5A8-0903-4DA5-9257-B1A266F7A7BB}.Release|Any CPU.ActiveCfg = Release|Any CPU
		{7EB6D5A8-0903-4DA5-9257-B1A266F7A7BB}.Release|Any CPU.Build.0 = Release|Any CPU
		{BF6F8773-A15B-4F18-968B-8FD4E09D6BFE}.Debug|Any CPU.ActiveCfg = Debug|Any CPU
		{BF6F8773-A15B-4F18-968B-8FD4E09D6BFE}.Debug|Any CPU.Build.0 = Debug|Any CPU
		{BF6F8773-A15B-4F18-968B-8FD4E09D6BFE}.Release|Any CPU.ActiveCfg = Release|Any CPU
		{BF6F8773-A15B-4F18-968B-8FD4E09D6BFE}.Release|Any CPU.Build.0 = Release|Any CPU
		{62907550-2CD2-4F87-8339-589F4EF40289}.Debug|Any CPU.ActiveCfg = Debug|Any CPU
		{62907550-2CD2-4F87-8339-589F4EF40289}.Debug|Any CPU.Build.0 = Debug|Any CPU
		{62907550-2CD2-4F87-8339-589F4EF40289}.Release|Any CPU.ActiveCfg = Release|Any CPU
		{62907550-2CD2-4F87-8339-589F4EF40289}.Release|Any CPU.Build.0 = Release|Any CPU
		{67EC546B-AC99-498D-958D-ECF0B3AD44E3}.Debug|Any CPU.ActiveCfg = Debug|Any CPU
		{67EC546B-AC99-498D-958D-ECF0B3AD44E3}.Debug|Any CPU.Build.0 = Debug|Any CPU
		{67EC546B-AC99-498D-958D-ECF0B3AD44E3}.Release|Any CPU.ActiveCfg = Release|Any CPU
		{67EC546B-AC99-498D-958D-ECF0B3AD44E3}.Release|Any CPU.Build.0 = Release|Any CPU
		{83CCFD75-86F4-40C8-A33D-BBFAA2F3AEA0}.Debug|Any CPU.ActiveCfg = Debug|Any CPU
		{83CCFD75-86F4-40C8-A33D-BBFAA2F3AEA0}.Debug|Any CPU.Build.0 = Debug|Any CPU
		{83CCFD75-86F4-40C8-A33D-BBFAA2F3AEA0}.Release|Any CPU.ActiveCfg = Release|Any CPU
		{83CCFD75-86F4-40C8-A33D-BBFAA2F3AEA0}.Release|Any CPU.Build.0 = Release|Any CPU
		{688575D5-81AA-41D1-91F4-57453C5D8A2D}.Debug|Any CPU.ActiveCfg = Debug|Any CPU
		{688575D5-81AA-41D1-91F4-57453C5D8A2D}.Debug|Any CPU.Build.0 = Debug|Any CPU
		{688575D5-81AA-41D1-91F4-57453C5D8A2D}.Release|Any CPU.ActiveCfg = Release|Any CPU
		{688575D5-81AA-41D1-91F4-57453C5D8A2D}.Release|Any CPU.Build.0 = Release|Any CPU
		{77B8E479-C956-4E7A-B545-03C735A7FCD0}.Debug|Any CPU.ActiveCfg = Debug|Any CPU
		{77B8E479-C956-4E7A-B545-03C735A7FCD0}.Debug|Any CPU.Build.0 = Debug|Any CPU
		{77B8E479-C956-4E7A-B545-03C735A7FCD0}.Release|Any CPU.ActiveCfg = Release|Any CPU
		{77B8E479-C956-4E7A-B545-03C735A7FCD0}.Release|Any CPU.Build.0 = Release|Any CPU
		{8658798B-4C5E-48B3-AC61-AC346390FFCF}.Debug|Any CPU.ActiveCfg = Debug|Any CPU
		{8658798B-4C5E-48B3-AC61-AC346390FFCF}.Debug|Any CPU.Build.0 = Debug|Any CPU
		{8658798B-4C5E-48B3-AC61-AC346390FFCF}.Release|Any CPU.ActiveCfg = Release|Any CPU
		{8658798B-4C5E-48B3-AC61-AC346390FFCF}.Release|Any CPU.Build.0 = Release|Any CPU
		{D0E8A43C-B83F-4FA8-B00D-E6F0E15B730B}.Debug|Any CPU.ActiveCfg = Debug|Any CPU
		{D0E8A43C-B83F-4FA8-B00D-E6F0E15B730B}.Debug|Any CPU.Build.0 = Debug|Any CPU
		{D0E8A43C-B83F-4FA8-B00D-E6F0E15B730B}.Release|Any CPU.ActiveCfg = Release|Any CPU
		{D0E8A43C-B83F-4FA8-B00D-E6F0E15B730B}.Release|Any CPU.Build.0 = Release|Any CPU
		{FC713DC7-7F0B-411C-87E4-E086D58BF0AF}.Debug|Any CPU.ActiveCfg = Debug|Any CPU
		{FC713DC7-7F0B-411C-87E4-E086D58BF0AF}.Debug|Any CPU.Build.0 = Debug|Any CPU
		{FC713DC7-7F0B-411C-87E4-E086D58BF0AF}.Release|Any CPU.ActiveCfg = Release|Any CPU
		{FC713DC7-7F0B-411C-87E4-E086D58BF0AF}.Release|Any CPU.Build.0 = Release|Any CPU
		{456915A5-1F02-478F-A17C-B9A646522422}.Debug|Any CPU.ActiveCfg = Debug|Any CPU
		{456915A5-1F02-478F-A17C-B9A646522422}.Debug|Any CPU.Build.0 = Debug|Any CPU
		{456915A5-1F02-478F-A17C-B9A646522422}.Release|Any CPU.ActiveCfg = Release|Any CPU
		{456915A5-1F02-478F-A17C-B9A646522422}.Release|Any CPU.Build.0 = Release|Any CPU
	EndGlobalSection
	GlobalSection(SolutionProperties) = preSolution
		HideSolutionNode = FALSE
	EndGlobalSection
	GlobalSection(NestedProjects) = preSolution
		{218FB9C0-4329-4D6B-B6F0-78D894317110} = {BC708217-A7F5-46B0-96A1-4E0DA8E1FE9C}
		{6EB25410-F6BC-40C4-A7EC-3BE84244327D} = {BC708217-A7F5-46B0-96A1-4E0DA8E1FE9C}
		{485BA3C2-3B2E-4C5F-B985-EE8AE7C18261} = {BC708217-A7F5-46B0-96A1-4E0DA8E1FE9C}
		{6C41AE5C-AC0D-4B50-B799-8629C2B03CC4} = {8B74A6FA-A6D2-4DFE-BF49-A34FC39C0120}
		{7EB6D5A8-0903-4DA5-9257-B1A266F7A7BB} = {8B74A6FA-A6D2-4DFE-BF49-A34FC39C0120}
		{BF6F8773-A15B-4F18-968B-8FD4E09D6BFE} = {8B74A6FA-A6D2-4DFE-BF49-A34FC39C0120}
		{62907550-2CD2-4F87-8339-589F4EF40289} = {EB91DD1F-F91C-4FB6-8FBD-6E18EBCA6EEF}
		{67EC546B-AC99-498D-958D-ECF0B3AD44E3} = {EB91DD1F-F91C-4FB6-8FBD-6E18EBCA6EEF}
		{83CCFD75-86F4-40C8-A33D-BBFAA2F3AEA0} = {EB91DD1F-F91C-4FB6-8FBD-6E18EBCA6EEF}
		{688575D5-81AA-41D1-91F4-57453C5D8A2D} = {8FB14910-783B-4E82-A5B0-62B774CC4592}
		{77B8E479-C956-4E7A-B545-03C735A7FCD0} = {8FB14910-783B-4E82-A5B0-62B774CC4592}
		{8658798B-4C5E-48B3-AC61-AC346390FFCF} = {8FB14910-783B-4E82-A5B0-62B774CC4592}
		{D0E8A43C-B83F-4FA8-B00D-E6F0E15B730B} = {22CAE113-681B-4A15-8AC1-47FFE592C51D}
		{FC713DC7-7F0B-411C-87E4-E086D58BF0AF} = {22CAE113-681B-4A15-8AC1-47FFE592C51D}
		{456915A5-1F02-478F-A17C-B9A646522422} = {22CAE113-681B-4A15-8AC1-47FFE592C51D}
	EndGlobalSection
	GlobalSection(ExtensibilityGlobals) = postSolution
		SolutionGuid = {E9151F3B-03F7-4852-AE85-C10CDFCC74C8}
	EndGlobalSection
EndGlobal
